// !$*UTF8*$!
{
	archiveVersion = 1;
	classes = {
	};
	objectVersion = 56;
	objects = {

/* Begin PBXBuildFile section */
		50041D48290EBED10033F86C /* AppDelegate.swift in Sources */ = {isa = PBXBuildFile; fileRef = 50041D47290EBED10033F86C /* AppDelegate.swift */; };
		50041D4A290EBED10033F86C /* SceneDelegate.swift in Sources */ = {isa = PBXBuildFile; fileRef = 50041D49290EBED10033F86C /* SceneDelegate.swift */; };
		50041D4C290EBED10033F86C /* LoginViewController.swift in Sources */ = {isa = PBXBuildFile; fileRef = 50041D4B290EBED10033F86C /* LoginViewController.swift */; };
		50041D4F290EBED10033F86C /* Main.storyboard in Resources */ = {isa = PBXBuildFile; fileRef = 50041D4D290EBED10033F86C /* Main.storyboard */; };
		50041D51290EBED40033F86C /* Assets.xcassets in Resources */ = {isa = PBXBuildFile; fileRef = 50041D50290EBED40033F86C /* Assets.xcassets */; };
		50041D54290EBED40033F86C /* LaunchScreen.storyboard in Resources */ = {isa = PBXBuildFile; fileRef = 50041D52290EBED40033F86C /* LaunchScreen.storyboard */; };
		50041D5C290EBFA20033F86C /* WelcomeViewController.swift in Sources */ = {isa = PBXBuildFile; fileRef = 50041D5B290EBFA20033F86C /* WelcomeViewController.swift */; };
		50942CA929102AF00083C8C5 /* User.swift in Sources */ = {isa = PBXBuildFile; fileRef = 50942CA829102AF00083C8C5 /* User.swift */; };
		50942CAB29104AA70083C8C5 /* Movie.swift in Sources */ = {isa = PBXBuildFile; fileRef = 50942CAA29104AA70083C8C5 /* Movie.swift */; };
		50942CAF2910AB2E0083C8C5 /* UserViewController.swift in Sources */ = {isa = PBXBuildFile; fileRef = 50942CAE2910AB2E0083C8C5 /* UserViewController.swift */; };
		50942CB12910ACE40083C8C5 /* InfoViewController.swift in Sources */ = {isa = PBXBuildFile; fileRef = 50942CB02910ACE40083C8C5 /* InfoViewController.swift */; };
		50942CB32910AF980083C8C5 /* TabBarViewController.swift in Sources */ = {isa = PBXBuildFile; fileRef = 50942CB22910AF980083C8C5 /* TabBarViewController.swift */; };
/* End PBXBuildFile section */

/* Begin PBXFileReference section */
		50041D44290EBED10033F86C /* AppWithLogin.app */ = {isa = PBXFileReference; explicitFileType = wrapper.application; includeInIndex = 0; path = AppWithLogin.app; sourceTree = BUILT_PRODUCTS_DIR; };
		50041D47290EBED10033F86C /* AppDelegate.swift */ = {isa = PBXFileReference; lastKnownFileType = sourcecode.swift; path = AppDelegate.swift; sourceTree = "<group>"; };
		50041D49290EBED10033F86C /* SceneDelegate.swift */ = {isa = PBXFileReference; lastKnownFileType = sourcecode.swift; path = SceneDelegate.swift; sourceTree = "<group>"; };
		50041D4B290EBED10033F86C /* LoginViewController.swift */ = {isa = PBXFileReference; lastKnownFileType = sourcecode.swift; path = LoginViewController.swift; sourceTree = "<group>"; };
		50041D4E290EBED10033F86C /* Base */ = {isa = PBXFileReference; lastKnownFileType = file.storyboard; name = Base; path = Base.lproj/Main.storyboard; sourceTree = "<group>"; };
		50041D50290EBED40033F86C /* Assets.xcassets */ = {isa = PBXFileReference; lastKnownFileType = folder.assetcatalog; path = Assets.xcassets; sourceTree = "<group>"; };
		50041D53290EBED40033F86C /* Base */ = {isa = PBXFileReference; lastKnownFileType = file.storyboard; name = Base; path = Base.lproj/LaunchScreen.storyboard; sourceTree = "<group>"; };
		50041D55290EBED40033F86C /* Info.plist */ = {isa = PBXFileReference; lastKnownFileType = text.plist.xml; path = Info.plist; sourceTree = "<group>"; };
		50041D5B290EBFA20033F86C /* WelcomeViewController.swift */ = {isa = PBXFileReference; lastKnownFileType = sourcecode.swift; path = WelcomeViewController.swift; sourceTree = "<group>"; };
		50942CA829102AF00083C8C5 /* User.swift */ = {isa = PBXFileReference; lastKnownFileType = sourcecode.swift; path = User.swift; sourceTree = "<group>"; };
		50942CAA29104AA70083C8C5 /* Movie.swift */ = {isa = PBXFileReference; lastKnownFileType = sourcecode.swift; path = Movie.swift; sourceTree = "<group>"; };
		50942CAE2910AB2E0083C8C5 /* UserViewController.swift */ = {isa = PBXFileReference; lastKnownFileType = sourcecode.swift; path = UserViewController.swift; sourceTree = "<group>"; };
		50942CB02910ACE40083C8C5 /* InfoViewController.swift */ = {isa = PBXFileReference; lastKnownFileType = sourcecode.swift; path = InfoViewController.swift; sourceTree = "<group>"; };
		50942CB22910AF980083C8C5 /* TabBarViewController.swift */ = {isa = PBXFileReference; lastKnownFileType = sourcecode.swift; path = TabBarViewController.swift; sourceTree = "<group>"; };
/* End PBXFileReference section */

/* Begin PBXFrameworksBuildPhase section */
		50041D41290EBED10033F86C /* Frameworks */ = {
			isa = PBXFrameworksBuildPhase;
			buildActionMask = 2147483647;
			files = (
			);
			runOnlyForDeploymentPostprocessing = 0;
		};
/* End PBXFrameworksBuildPhase section */

/* Begin PBXGroup section */
		50041D3B290EBED10033F86C = {
			isa = PBXGroup;
			children = (
				50041D46290EBED10033F86C /* AppWithLogin */,
				50041D45290EBED10033F86C /* Products */,
			);
			sourceTree = "<group>";
		};
		50041D45290EBED10033F86C /* Products */ = {
			isa = PBXGroup;
			children = (
				50041D44290EBED10033F86C /* AppWithLogin.app */,
			);
			name = Products;
			sourceTree = "<group>";
		};
		50041D46290EBED10033F86C /* AppWithLogin */ = {
			isa = PBXGroup;
			children = (
				50942CA729102A4C0083C8C5 /* Models */,
				50942CA529102A1E0083C8C5 /* ViewControllers */,
				50942CA4291029E00083C8C5 /* Storyboards */,
				50942CA629102A380083C8C5 /* SupportFiles */,
				50041D50290EBED40033F86C /* Assets.xcassets */,
				50041D55290EBED40033F86C /* Info.plist */,
			);
			path = AppWithLogin;
			sourceTree = "<group>";
		};
		50942CA4291029E00083C8C5 /* Storyboards */ = {
			isa = PBXGroup;
			children = (
				50041D4D290EBED10033F86C /* Main.storyboard */,
				50041D52290EBED40033F86C /* LaunchScreen.storyboard */,
			);
			path = Storyboards;
			sourceTree = "<group>";
		};
		50942CA529102A1E0083C8C5 /* ViewControllers */ = {
			isa = PBXGroup;
			children = (
				50041D4B290EBED10033F86C /* LoginViewController.swift */,
				50942CB22910AF980083C8C5 /* TabBarViewController.swift */,
				50041D5B290EBFA20033F86C /* WelcomeViewController.swift */,
				50942CAE2910AB2E0083C8C5 /* UserViewController.swift */,
				50942CB02910ACE40083C8C5 /* InfoViewController.swift */,
			);
			path = ViewControllers;
			sourceTree = "<group>";
		};
		50942CA629102A380083C8C5 /* SupportFiles */ = {
			isa = PBXGroup;
			children = (
				50041D47290EBED10033F86C /* AppDelegate.swift */,
				50041D49290EBED10033F86C /* SceneDelegate.swift */,
			);
			path = SupportFiles;
			sourceTree = "<group>";
		};
		50942CA729102A4C0083C8C5 /* Models */ = {
			isa = PBXGroup;
			children = (
				50942CA829102AF00083C8C5 /* User.swift */,
				50942CAA29104AA70083C8C5 /* Movie.swift */,
			);
			path = Models;
			sourceTree = "<group>";
		};
/* End PBXGroup section */

/* Begin PBXNativeTarget section */
		50041D43290EBED10033F86C /* AppWithLogin */ = {
			isa = PBXNativeTarget;
			buildConfigurationList = 50041D58290EBED40033F86C /* Build configuration list for PBXNativeTarget "AppWithLogin" */;
			buildPhases = (
				50041D40290EBED10033F86C /* Sources */,
				50041D41290EBED10033F86C /* Frameworks */,
				50041D42290EBED10033F86C /* Resources */,
			);
			buildRules = (
			);
			dependencies = (
			);
			name = AppWithLogin;
			productName = AppWithLogin;
			productReference = 50041D44290EBED10033F86C /* AppWithLogin.app */;
			productType = "com.apple.product-type.application";
		};
/* End PBXNativeTarget section */

/* Begin PBXProject section */
		50041D3C290EBED10033F86C /* Project object */ = {
			isa = PBXProject;
			attributes = {
				BuildIndependentTargetsInParallel = 1;
				LastSwiftUpdateCheck = 1400;
				LastUpgradeCheck = 1400;
				TargetAttributes = {
					50041D43290EBED10033F86C = {
						CreatedOnToolsVersion = 14.0.1;
					};
				};
			};
			buildConfigurationList = 50041D3F290EBED10033F86C /* Build configuration list for PBXProject "AppWithLogin" */;
			compatibilityVersion = "Xcode 14.0";
			developmentRegion = en;
			hasScannedForEncodings = 0;
			knownRegions = (
				en,
				Base,
			);
			mainGroup = 50041D3B290EBED10033F86C;
			productRefGroup = 50041D45290EBED10033F86C /* Products */;
			projectDirPath = "";
			projectRoot = "";
			targets = (
				50041D43290EBED10033F86C /* AppWithLogin */,
			);
		};
/* End PBXProject section */

/* Begin PBXResourcesBuildPhase section */
		50041D42290EBED10033F86C /* Resources */ = {
			isa = PBXResourcesBuildPhase;
			buildActionMask = 2147483647;
			files = (
				50041D54290EBED40033F86C /* LaunchScreen.storyboard in Resources */,
				50041D51290EBED40033F86C /* Assets.xcassets in Resources */,
				50041D4F290EBED10033F86C /* Main.storyboard in Resources */,
			);
			runOnlyForDeploymentPostprocessing = 0;
		};
/* End PBXResourcesBuildPhase section */

/* Begin PBXSourcesBuildPhase section */
		50041D40290EBED10033F86C /* Sources */ = {
			isa = PBXSourcesBuildPhase;
			buildActionMask = 2147483647;
			files = (
				50942CAF2910AB2E0083C8C5 /* UserViewController.swift in Sources */,
				50041D4C290EBED10033F86C /* LoginViewController.swift in Sources */,
				50041D5C290EBFA20033F86C /* WelcomeViewController.swift in Sources */,
				50041D48290EBED10033F86C /* AppDelegate.swift in Sources */,
				50942CB32910AF980083C8C5 /* TabBarViewController.swift in Sources */,
				50942CA929102AF00083C8C5 /* User.swift in Sources */,
				50041D4A290EBED10033F86C /* SceneDelegate.swift in Sources */,
				50942CB12910ACE40083C8C5 /* InfoViewController.swift in Sources */,
				50942CAB29104AA70083C8C5 /* Movie.swift in Sources */,
			);
			runOnlyForDeploymentPostprocessing = 0;
		};
/* End PBXSourcesBuildPhase section */

/* Begin PBXVariantGroup section */
		50041D4D290EBED10033F86C /* Main.storyboard */ = {
			isa = PBXVariantGroup;
			children = (
				50041D4E290EBED10033F86C /* Base */,
			);
			name = Main.storyboard;
			sourceTree = "<group>";
		};
		50041D52290EBED40033F86C /* LaunchScreen.storyboard */ = {
			isa = PBXVariantGroup;
			children = (
				50041D53290EBED40033F86C /* Base */,
			);
			name = LaunchScreen.storyboard;
			sourceTree = "<group>";
		};
/* End PBXVariantGroup section */

/* Begin XCBuildConfiguration section */
		50041D56290EBED40033F86C /* Debug */ = {
			isa = XCBuildConfiguration;
			buildSettings = {
				ALWAYS_SEARCH_USER_PATHS = NO;
				CLANG_ANALYZER_NONNULL = YES;
				CLANG_ANALYZER_NUMBER_OBJECT_CONVERSION = YES_AGGRESSIVE;
				CLANG_CXX_LANGUAGE_STANDARD = "gnu++20";
				CLANG_ENABLE_MODULES = YES;
				CLANG_ENABLE_OBJC_ARC = YES;
				CLANG_ENABLE_OBJC_WEAK = YES;
				CLANG_WARN_BLOCK_CAPTURE_AUTORELEASING = YES;
				CLANG_WARN_BOOL_CONVERSION = YES;
				CLANG_WARN_COMMA = YES;
				CLANG_WARN_CONSTANT_CONVERSION = YES;
				CLANG_WARN_DEPRECATED_OBJC_IMPLEMENTATIONS = YES;
				CLANG_WARN_DIRECT_OBJC_ISA_USAGE = YES_ERROR;
				CLANG_WARN_DOCUMENTATION_COMMENTS = YES;
				CLANG_WARN_EMPTY_BODY = YES;
				CLANG_WARN_ENUM_CONVERSION = YES;
				CLANG_WARN_INFINITE_RECURSION = YES;
				CLANG_WARN_INT_CONVERSION = YES;
				CLANG_WARN_NON_LITERAL_NULL_CONVERSION = YES;
				CLANG_WARN_OBJC_IMPLICIT_RETAIN_SELF = YES;
				CLANG_WARN_OBJC_LITERAL_CONVERSION = YES;
				CLANG_WARN_OBJC_ROOT_CLASS = YES_ERROR;
				CLANG_WARN_QUOTED_INCLUDE_IN_FRAMEWORK_HEADER = YES;
				CLANG_WARN_RANGE_LOOP_ANALYSIS = YES;
				CLANG_WARN_STRICT_PROTOTYPES = YES;
				CLANG_WARN_SUSPICIOUS_MOVE = YES;
				CLANG_WARN_UNGUARDED_AVAILABILITY = YES_AGGRESSIVE;
				CLANG_WARN_UNREACHABLE_CODE = YES;
				CLANG_WARN__DUPLICATE_METHOD_MATCH = YES;
				COPY_PHASE_STRIP = NO;
				DEBUG_INFORMATION_FORMAT = dwarf;
				ENABLE_STRICT_OBJC_MSGSEND = YES;
				ENABLE_TESTABILITY = YES;
				GCC_C_LANGUAGE_STANDARD = gnu11;
				GCC_DYNAMIC_NO_PIC = NO;
				GCC_NO_COMMON_BLOCKS = YES;
				GCC_OPTIMIZATION_LEVEL = 0;
				GCC_PREPROCESSOR_DEFINITIONS = (
					"DEBUG=1",
					"$(inherited)",
				);
				GCC_WARN_64_TO_32_BIT_CONVERSION = YES;
				GCC_WARN_ABOUT_RETURN_TYPE = YES_ERROR;
				GCC_WARN_UNDECLARED_SELECTOR = YES;
				GCC_WARN_UNINITIALIZED_AUTOS = YES_AGGRESSIVE;
				GCC_WARN_UNUSED_FUNCTION = YES;
				GCC_WARN_UNUSED_VARIABLE = YES;
				IPHONEOS_DEPLOYMENT_TARGET = 16.0;
				MTL_ENABLE_DEBUG_INFO = INCLUDE_SOURCE;
				MTL_FAST_MATH = YES;
				ONLY_ACTIVE_ARCH = YES;
				SDKROOT = iphoneos;
				SWIFT_ACTIVE_COMPILATION_CONDITIONS = DEBUG;
				SWIFT_OPTIMIZATION_LEVEL = "-Onone";
			};
			name = Debug;
		};
		50041D57290EBED40033F86C /* Release */ = {
			isa = XCBuildConfiguration;
			buildSettings = {
				ALWAYS_SEARCH_USER_PATHS = NO;
				CLANG_ANALYZER_NONNULL = YES;
				CLANG_ANALYZER_NUMBER_OBJECT_CONVERSION = YES_AGGRESSIVE;
				CLANG_CXX_LANGUAGE_STANDARD = "gnu++20";
				CLANG_ENABLE_MODULES = YES;
				CLANG_ENABLE_OBJC_ARC = YES;
				CLANG_ENABLE_OBJC_WEAK = YES;
				CLANG_WARN_BLOCK_CAPTURE_AUTORELEASING = YES;
				CLANG_WARN_BOOL_CONVERSION = YES;
				CLANG_WARN_COMMA = YES;
				CLANG_WARN_CONSTANT_CONVERSION = YES;
				CLANG_WARN_DEPRECATED_OBJC_IMPLEMENTATIONS = YES;
				CLANG_WARN_DIRECT_OBJC_ISA_USAGE = YES_ERROR;
				CLANG_WARN_DOCUMENTATION_COMMENTS = YES;
				CLANG_WARN_EMPTY_BODY = YES;
				CLANG_WARN_ENUM_CONVERSION = YES;
				CLANG_WARN_INFINITE_RECURSION = YES;
				CLANG_WARN_INT_CONVERSION = YES;
				CLANG_WARN_NON_LITERAL_NULL_CONVERSION = YES;
				CLANG_WARN_OBJC_IMPLICIT_RETAIN_SELF = YES;
				CLANG_WARN_OBJC_LITERAL_CONVERSION = YES;
				CLANG_WARN_OBJC_ROOT_CLASS = YES_ERROR;
				CLANG_WARN_QUOTED_INCLUDE_IN_FRAMEWORK_HEADER = YES;
				CLANG_WARN_RANGE_LOOP_ANALYSIS = YES;
				CLANG_WARN_STRICT_PROTOTYPES = YES;
				CLANG_WARN_SUSPICIOUS_MOVE = YES;
				CLANG_WARN_UNGUARDED_AVAILABILITY = YES_AGGRESSIVE;
				CLANG_WARN_UNREACHABLE_CODE = YES;
				CLANG_WARN__DUPLICATE_METHOD_MATCH = YES;
				COPY_PHASE_STRIP = NO;
				DEBUG_INFORMATION_FORMAT = "dwarf-with-dsym";
				ENABLE_NS_ASSERTIONS = NO;
				ENABLE_STRICT_OBJC_MSGSEND = YES;
				GCC_C_LANGUAGE_STANDARD = gnu11;
				GCC_NO_COMMON_BLOCKS = YES;
				GCC_WARN_64_TO_32_BIT_CONVERSION = YES;
				GCC_WARN_ABOUT_RETURN_TYPE = YES_ERROR;
				GCC_WARN_UNDECLARED_SELECTOR = YES;
				GCC_WARN_UNINITIALIZED_AUTOS = YES_AGGRESSIVE;
				GCC_WARN_UNUSED_FUNCTION = YES;
				GCC_WARN_UNUSED_VARIABLE = YES;
				IPHONEOS_DEPLOYMENT_TARGET = 16.0;
				MTL_ENABLE_DEBUG_INFO = NO;
				MTL_FAST_MATH = YES;
				SDKROOT = iphoneos;
				SWIFT_COMPILATION_MODE = wholemodule;
				SWIFT_OPTIMIZATION_LEVEL = "-O";
				VALIDATE_PRODUCT = YES;
			};
			name = Release;
		};
		50041D59290EBED40033F86C /* Debug */ = {
			isa = XCBuildConfiguration;
			buildSettings = {
				ASSETCATALOG_COMPILER_APPICON_NAME = AppIcon;
				ASSETCATALOG_COMPILER_GLOBAL_ACCENT_COLOR_NAME = AccentColor;
				CODE_SIGN_STYLE = Automatic;
				CURRENT_PROJECT_VERSION = 1;
				DEVELOPMENT_TEAM = PT982DDMHZ;
				GENERATE_INFOPLIST_FILE = YES;
				INFOPLIST_FILE = AppWithLogin/Info.plist;
				INFOPLIST_KEY_UIApplicationSupportsIndirectInputEvents = YES;
				INFOPLIST_KEY_UILaunchStoryboardName = LaunchScreen;
				INFOPLIST_KEY_UIMainStoryboardFile = Main;
				INFOPLIST_KEY_UISupportedInterfaceOrientations = UIInterfaceOrientationPortrait;
				INFOPLIST_KEY_UISupportedInterfaceOrientations_iPad = "UIInterfaceOrientationLandscapeLeft UIInterfaceOrientationLandscapeRight UIInterfaceOrientationPortrait UIInterfaceOrientationPortraitUpsideDown";
				LD_RUNPATH_SEARCH_PATHS = (
					"$(inherited)",
					"@executable_path/Frameworks",
				);
				MARKETING_VERSION = 1.0;
				PRODUCT_BUNDLE_IDENTIFIER = MPol.AppWithLogin;
				PRODUCT_NAME = "$(TARGET_NAME)";
				SUPPORTED_PLATFORMS = "iphoneos iphonesimulator";
				SUPPORTS_MACCATALYST = NO;
				SUPPORTS_MAC_DESIGNED_FOR_IPHONE_IPAD = NO;
				SWIFT_EMIT_LOC_STRINGS = YES;
				SWIFT_VERSION = 5.0;
				TARGETED_DEVICE_FAMILY = 1;
			};
			name = Debug;
		};
		50041D5A290EBED40033F86C /* Release */ = {
			isa = XCBuildConfiguration;
			buildSettings = {
				ASSETCATALOG_COMPILER_APPICON_NAME = AppIcon;
				ASSETCATALOG_COMPILER_GLOBAL_ACCENT_COLOR_NAME = AccentColor;
				CODE_SIGN_STYLE = Automatic;
				CURRENT_PROJECT_VERSION = 1;
				DEVELOPMENT_TEAM = PT982DDMHZ;
				GENERATE_INFOPLIST_FILE = YES;
				INFOPLIST_FILE = AppWithLogin/Info.plist;
				INFOPLIST_KEY_UIApplicationSupportsIndirectInputEvents = YES;
				INFOPLIST_KEY_UILaunchStoryboardName = LaunchScreen;
				INFOPLIST_KEY_UIMainStoryboardFile = Main;
				INFOPLIST_KEY_UISupportedInterfaceOrientations = UIInterfaceOrientationPortrait;
				INFOPLIST_KEY_UISupportedInterfaceOrientations_iPad = "UIInterfaceOrientationLandscapeLeft UIInterfaceOrientationLandscapeRight UIInterfaceOrientationPortrait UIInterfaceOrientationPortraitUpsideDown";
				LD_RUNPATH_SEARCH_PATHS = (
					"$(inherited)",
					"@executable_path/Frameworks",
				);
				MARKETING_VERSION = 1.0;
				PRODUCT_BUNDLE_IDENTIFIER = MPol.AppWithLogin;
				PRODUCT_NAME = "$(TARGET_NAME)";
				SUPPORTED_PLATFORMS = "iphoneos iphonesimulator";
				SUPPORTS_MACCATALYST = NO;
				SUPPORTS_MAC_DESIGNED_FOR_IPHONE_IPAD = NO;
				SWIFT_EMIT_LOC_STRINGS = YES;
				SWIFT_VERSION = 5.0;
				TARGETED_DEVICE_FAMILY = 1;
			};
			name = Release;
		};
/* End XCBuildConfiguration section */

/* Begin XCConfigurationList section */
		50041D3F290EBED10033F86C /* Build configuration list for PBXProject "AppWithLogin" */ = {
			isa = XCConfigurationList;
			buildConfigurations = (
				50041D56290EBED40033F86C /* Debug */,
				50041D57290EBED40033F86C /* Release */,
			);
			defaultConfigurationIsVisible = 0;
			defaultConfigurationName = Release;
		};
		50041D58290EBED40033F86C /* Build configuration list for PBXNativeTarget "AppWithLogin" */ = {
			isa = XCConfigurationList;
			buildConfigurations = (
				50041D59290EBED40033F86C /* Debug */,
				50041D5A290EBED40033F86C /* Release */,
			);
			defaultConfigurationIsVisible = 0;
			defaultConfigurationName = Release;
		};
/* End XCConfigurationList section */
	};
	rootObject = 50041D3C290EBED10033F86C /* Project object */;
}
